
Microsoft Visual Studio Solution File, Format Version 12.00
# Visual Studio 2012
Project("{FAE04EC0-301F-11D3-BF4B-00C04F79EFBC}") = "BitBrowser", "..\..\core\Mobile\Android\MobileClient\BitBrowser\BitBrowser.csproj", "{86D37A0C-96FA-4126-BA3C-AA30160C035A}"
EndProject
Project("{FAE04EC0-301F-11D3-BF4B-00C04F79EFBC}") = "BusinessProcess.MD", "..\..\core\Mobile\Core\BusinessProcess\BusinessProcess.MD.csproj", "{96EC2C3A-3590-4805-A291-8DEFF5022C46}"
EndProject
Project("{FAE04EC0-301F-11D3-BF4B-00C04F79EFBC}") = "Controls.MD", "..\..\core\Mobile\Core\Controls\Controls.MD.csproj", "{608B4270-36F6-4C47-BC94-F737C42B2C9B}"
EndProject
Project("{FAE04EC0-301F-11D3-BF4B-00C04F79EFBC}") = "DAL.MD", "..\..\core\Mobile\Core\DAL\DAL.MD.csproj", "{2AFEB1D5-E05E-4BC9-B6B0-36DA61382871}"
EndProject
Project("{FAE04EC0-301F-11D3-BF4B-00C04F79EFBC}") = "StyleSheet.MD", "..\..\core\Mobile\Core\StyleSheet\StyleSheet.MD.csproj", "{DBA3DA4E-6F7C-40E4-B000-EB27364F8791}"
EndProject
Project("{FAE04EC0-301F-11D3-BF4B-00C04F79EFBC}") = "SyncLibrary.MD", "..\..\core\Mobile\Core\SyncLibrary\SyncLibrary.MD.csproj", "{87D04775-A468-483F-8022-7DDC7D8CEA7F}"
EndProject
Project("{FAE04EC0-301F-11D3-BF4B-00C04F79EFBC}") = "ValueStack.MD", "..\..\core\Mobile\Core\ValueStack\ValueStack.MD.csproj", "{00BE6271-320D-4527-ADB9-B1F9DC6649DE}"
EndProject
Project("{FAE04EC0-301F-11D3-BF4B-00C04F79EFBC}") = "LogManager.MD", "..\..\core\Mobile\Core\LogManager\LogManager.MD.csproj", "{A12E30FB-A666-49BD-8891-8A239691C39A}"
EndProject
Project("{FAE04EC0-301F-11D3-BF4B-00C04F79EFBC}") = "ScriptEngine.MD", "..\..\core\Mobile\Core\ScriptEngine\ScriptEngine.MD.csproj", "{C37B70F2-C2F5-4DBD-8948-FDCB2629BA4A}"
EndProject
Global
	GlobalSection(SolutionConfigurationPlatforms) = preSolution
		Debug|Any CPU = Debug|Any CPU
		Release|Any CPU = Release|Any CPU
	EndGlobalSection
	GlobalSection(ProjectConfigurationPlatforms) = postSolution
		{86D37A0C-96FA-4126-BA3C-AA30160C035A}.Debug|Any CPU.ActiveCfg = Debug|Any CPU
		{86D37A0C-96FA-4126-BA3C-AA30160C035A}.Debug|Any CPU.Build.0 = Debug|Any CPU
		{86D37A0C-96FA-4126-BA3C-AA30160C035A}.Debug|Any CPU.Deploy.0 = Debug|Any CPU
		{86D37A0C-96FA-4126-BA3C-AA30160C035A}.Release|Any CPU.ActiveCfg = Release|Any CPU
		{86D37A0C-96FA-4126-BA3C-AA30160C035A}.Release|Any CPU.Build.0 = Release|Any CPU
		{86D37A0C-96FA-4126-BA3C-AA30160C035A}.Release|Any CPU.Deploy.0 = Release|Any CPU
		{96EC2C3A-3590-4805-A291-8DEFF5022C46}.Debug|Any CPU.ActiveCfg = Debug|Any CPU
		{96EC2C3A-3590-4805-A291-8DEFF5022C46}.Debug|Any CPU.Build.0 = Debug|Any CPU
		{96EC2C3A-3590-4805-A291-8DEFF5022C46}.Release|Any CPU.ActiveCfg = Release|Any CPU
		{96EC2C3A-3590-4805-A291-8DEFF5022C46}.Release|Any CPU.Build.0 = Release|Any CPU
		{608B4270-36F6-4C47-BC94-F737C42B2C9B}.Debug|Any CPU.ActiveCfg = Debug|Any CPU
		{608B4270-36F6-4C47-BC94-F737C42B2C9B}.Debug|Any CPU.Build.0 = Debug|Any CPU
		{608B4270-36F6-4C47-BC94-F737C42B2C9B}.Release|Any CPU.ActiveCfg = Release|Any CPU
		{608B4270-36F6-4C47-BC94-F737C42B2C9B}.Release|Any CPU.Build.0 = Release|Any CPU
		{2AFEB1D5-E05E-4BC9-B6B0-36DA61382871}.Debug|Any CPU.ActiveCfg = Debug|Any CPU
		{2AFEB1D5-E05E-4BC9-B6B0-36DA61382871}.Debug|Any CPU.Build.0 = Debug|Any CPU
		{2AFEB1D5-E05E-4BC9-B6B0-36DA61382871}.Release|Any CPU.ActiveCfg = Release|Any CPU
		{2AFEB1D5-E05E-4BC9-B6B0-36DA61382871}.Release|Any CPU.Build.0 = Release|Any CPU
		{DBA3DA4E-6F7C-40E4-B000-EB27364F8791}.Debug|Any CPU.ActiveCfg = Debug|Any CPU
		{DBA3DA4E-6F7C-40E4-B000-EB27364F8791}.Debug|Any CPU.Build.0 = Debug|Any CPU
		{DBA3DA4E-6F7C-40E4-B000-EB27364F8791}.Release|Any CPU.ActiveCfg = Release|Any CPU
		{DBA3DA4E-6F7C-40E4-B000-EB27364F8791}.Release|Any CPU.Build.0 = Release|Any CPU
		{87D04775-A468-483F-8022-7DDC7D8CEA7F}.Debug|Any CPU.ActiveCfg = Debug|Any CPU
		{87D04775-A468-483F-8022-7DDC7D8CEA7F}.Debug|Any CPU.Build.0 = Debug|Any CPU
		{87D04775-A468-483F-8022-7DDC7D8CEA7F}.Release|Any CPU.ActiveCfg = Release|Any CPU
		{87D04775-A468-483F-8022-7DDC7D8CEA7F}.Release|Any CPU.Build.0 = Release|Any CPU
		{00BE6271-320D-4527-ADB9-B1F9DC6649DE}.Debug|Any CPU.ActiveCfg = Debug|Any CPU
		{00BE6271-320D-4527-ADB9-B1F9DC6649DE}.Debug|Any CPU.Build.0 = Debug|Any CPU
		{00BE6271-320D-4527-ADB9-B1F9DC6649DE}.Release|Any CPU.ActiveCfg = Release|Any CPU
		{00BE6271-320D-4527-ADB9-B1F9DC6649DE}.Release|Any CPU.Build.0 = Release|Any CPU
		{A12E30FB-A666-49BD-8891-8A239691C39A}.Debug|Any CPU.ActiveCfg = Debug|Any CPU
		{A12E30FB-A666-49BD-8891-8A239691C39A}.Debug|Any CPU.Build.0 = Debug|Any CPU
		{A12E30FB-A666-49BD-8891-8A239691C39A}.Release|Any CPU.ActiveCfg = Release|Any CPU
		{A12E30FB-A666-49BD-8891-8A239691C39A}.Release|Any CPU.Build.0 = Release|Any CPU
		{C37B70F2-C2F5-4DBD-8948-FDCB2629BA4A}.Debug|Any CPU.ActiveCfg = Debug|Any CPU
		{C37B70F2-C2F5-4DBD-8948-FDCB2629BA4A}.Debug|Any CPU.Build.0 = Debug|Any CPU
		{C37B70F2-C2F5-4DBD-8948-FDCB2629BA4A}.Release|Any CPU.ActiveCfg = Release|Any CPU
		{C37B70F2-C2F5-4DBD-8948-FDCB2629BA4A}.Release|Any CPU.Build.0 = Release|Any CPU
	EndGlobalSection
	GlobalSection(SolutionProperties) = preSolution
		HideSolutionNode = FALSE
	EndGlobalSection
EndGlobal
